<?xml version="1.0" encoding="utf-8"?>
<Project ToolsVersion="4.0" xmlns="http://schemas.microsoft.com/developer/msbuild/2003">
  <ItemGroup>
    <Filter Include="Nut">
      <UniqueIdentifier>{3C0E880B-A817-887C-3193-9E7C9D9B937C}</UniqueIdentifier>
    </Filter>
    <Filter Include="Nut\Events">
      <UniqueIdentifier>{A0DE0F87-8C96-51D4-F59D-2A30E174ECC4}</UniqueIdentifier>
    </Filter>
    <Filter Include="Platform">
      <UniqueIdentifier>{2AC788B4-1694-E3BF-3FAD-D1672BD9184E}</UniqueIdentifier>
    </Filter>
    <Filter Include="Platform\Windows">
      <UniqueIdentifier>{64FBD71A-50F4-F66C-7926-DCF1657ED678}</UniqueIdentifier>
    </Filter>
  </ItemGroup>
  <ItemGroup>
    <ClInclude Include="src\Nut.h" />
    <ClInclude Include="src\Nut\Application.h">
      <Filter>Nut</Filter>
    </ClInclude>
    <ClInclude Include="src\Nut\Core.h">
      <Filter>Nut</Filter>
    </ClInclude>
    <ClInclude Include="src\Nut\EntryPoint.h">
      <Filter>Nut</Filter>
    </ClInclude>
    <ClInclude Include="src\Nut\Events\ApplicationEvent.h">
      <Filter>Nut\Events</Filter>
    </ClInclude>
    <ClInclude Include="src\Nut\Events\Event.h">
      <Filter>Nut\Events</Filter>
    </ClInclude>
    <ClInclude Include="src\Nut\Events\KeyEvent.h">
      <Filter>Nut\Events</Filter>
    </ClInclude>
    <ClInclude Include="src\Nut\Events\MouseEvent.h">
      <Filter>Nut\Events</Filter>
    </ClInclude>
    <ClInclude Include="src\Nut\Layer.h">
      <Filter>Nut</Filter>
    </ClInclude>
    <ClInclude Include="src\Nut\LayerStack.h">
      <Filter>Nut</Filter>
    </ClInclude>
    <ClInclude Include="src\Nut\Log.h">
      <Filter>Nut</Filter>
    </ClInclude>
    <ClInclude Include="src\Nut\Window.h">
      <Filter>Nut</Filter>
    </ClInclude>
    <ClInclude Include="src\Platform\Windows\WindowsWindow.h">
      <Filter>Platform\Windows</Filter>
    </ClInclude>
    <ClInclude Include="src\nutpch.h" />
  </ItemGroup>
  <ItemGroup>
    <ClCompile Include="src\Nut\Application.cpp">
      <Filter>Nut</Filter>
    </ClCompile>
    <ClCompile Include="src\Nut\Layer.cpp">
      <Filter>Nut</Filter>
    </ClCompile>
    <ClCompile Include="src\Nut\LayerStack.cpp">
      <Filter>Nut</Filter>
    </ClCompile>
    <ClCompile Include="src\Nut\Log.cpp">
      <Filter>Nut</Filter>
    </ClCompile>
    <ClCompile Include="src\Platform\Windows\WindowsWindow.cpp">
      <Filter>Platform\Windows</Filter>
    </ClCompile>
    <ClCompile Include="src\nutpch.cpp" />
  </ItemGroup>
</Project>